// !$*UTF8*$!
{
	archiveVersion = 1;
	classes = {
	};
	objectVersion = 46;
	objects = {

/* Begin PBXBuildFile section */
		DE4880D614615B0000C469F0 /* mymacros.h in Headers */ = {isa = PBXBuildFile; fileRef = DE4880D514615B0000C469F0 /* mymacros.h */; };
		DE51F12C15C9358A004959FA /* validate.cpp in Sources */ = {isa = PBXBuildFile; fileRef = DE51F12A15C9358A004959FA /* validate.cpp */; };
		DE51F12D15C9358A004959FA /* validate.h in Headers */ = {isa = PBXBuildFile; fileRef = DE51F12B15C9358A004959FA /* validate.h */; };
		DE51F12F15C9854E004959FA /* uthash.h in Headers */ = {isa = PBXBuildFile; fileRef = DE51F12E15C9854E004959FA /* uthash.h */; };
		DEC1F263145ECE0F009A8407 /* extractmacho.h in Headers */ = {isa = PBXBuildFile; fileRef = DEC1F261145ECE0F009A8407 /* extractmacho.h */; };
		DEC1F264145ECE0F009A8407 /* extractmacho.cpp in Sources */ = {isa = PBXBuildFile; fileRef = DEC1F262145ECE0F009A8407 /* extractmacho.cpp */; };
		DEC1F266145ECEDD009A8407 /* loader.h in Headers */ = {isa = PBXBuildFile; fileRef = DEC1F265145ECEDD009A8407 /* loader.h */; };
/* End PBXBuildFile section */

/* Begin PBXFileReference section */
		D2AAC0630554660B00DB518D /* extractmacho.pmc */ = {isa = PBXFileReference; explicitFileType = "compiled.mach-o.dylib"; includeInIndex = 0; path = extractmacho.pmc; sourceTree = BUILT_PRODUCTS_DIR; };
		DE4880D514615B0000C469F0 /* mymacros.h */ = {isa = PBXFileReference; fileEncoding = 4; lastKnownFileType = sourcecode.c.h; path = mymacros.h; sourceTree = "<group>"; };
		DE4883FB1462396A00C469F0 /* README */ = {isa = PBXFileReference; fileEncoding = 4; lastKnownFileType = text; path = README; sourceTree = "<group>"; };
		DE51F12A15C9358A004959FA /* validate.cpp */ = {isa = PBXFileReference; fileEncoding = 4; lastKnownFileType = sourcecode.cpp.cpp; path = validate.cpp; sourceTree = "<group>"; };
		DE51F12B15C9358A004959FA /* validate.h */ = {isa = PBXFileReference; fileEncoding = 4; lastKnownFileType = sourcecode.c.h; path = validate.h; sourceTree = "<group>"; };
		DE51F12E15C9854E004959FA /* uthash.h */ = {isa = PBXFileReference; fileEncoding = 4; lastKnownFileType = sourcecode.c.h; path = uthash.h; sourceTree = "<group>"; };
		DEC1F261145ECE0F009A8407 /* extractmacho.h */ = {isa = PBXFileReference; fileEncoding = 4; lastKnownFileType = sourcecode.c.h; path = extractmacho.h; sourceTree = "<group>"; };
		DEC1F262145ECE0F009A8407 /* extractmacho.cpp */ = {isa = PBXFileReference; fileEncoding = 4; lastKnownFileType = sourcecode.cpp.cpp; path = extractmacho.cpp; sourceTree = "<group>"; };
		DEC1F265145ECEDD009A8407 /* loader.h */ = {isa = PBXFileReference; fileEncoding = 4; lastKnownFileType = sourcecode.c.h; path = loader.h; sourceTree = "<group>"; };
/* End PBXFileReference section */

/* Begin PBXFrameworksBuildPhase section */
		D289988505E68E00004EDB86 /* Frameworks */ = {
			isa = PBXFrameworksBuildPhase;
			buildActionMask = 2147483647;
			files = (
			);
			runOnlyForDeploymentPostprocessing = 0;
		};
/* End PBXFrameworksBuildPhase section */

/* Begin PBXGroup section */
		08FB7794FE84155DC02AAC07 /* MachOPlugin */ = {
			isa = PBXGroup;
			children = (
				08FB7795FE84155DC02AAC07 /* Source */,
				1AB674ADFE9D54B511CA2CBB /* Products */,
			);
			name = MachOPlugin;
			sourceTree = "<group>";
		};
		08FB7795FE84155DC02AAC07 /* Source */ = {
			isa = PBXGroup;
			children = (
				DEC1F261145ECE0F009A8407 /* extractmacho.h */,
				DEC1F262145ECE0F009A8407 /* extractmacho.cpp */,
				DE51F12A15C9358A004959FA /* validate.cpp */,
				DE51F12B15C9358A004959FA /* validate.h */,
				DEC1F265145ECEDD009A8407 /* loader.h */,
				DE4880D514615B0000C469F0 /* mymacros.h */,
				DE51F12E15C9854E004959FA /* uthash.h */,
				DE4883FB1462396A00C469F0 /* README */,
			);
			name = Source;
			sourceTree = "<group>";
		};
		1AB674ADFE9D54B511CA2CBB /* Products */ = {
			isa = PBXGroup;
			children = (
				D2AAC0630554660B00DB518D /* extractmacho.pmc */,
			);
			name = Products;
			sourceTree = "<group>";
		};
/* End PBXGroup section */

/* Begin PBXHeadersBuildPhase section */
		D2AAC0600554660B00DB518D /* Headers */ = {
			isa = PBXHeadersBuildPhase;
			buildActionMask = 2147483647;
			files = (
				DEC1F263145ECE0F009A8407 /* extractmacho.h in Headers */,
				DEC1F266145ECEDD009A8407 /* loader.h in Headers */,
				DE4880D614615B0000C469F0 /* mymacros.h in Headers */,
				DE51F12D15C9358A004959FA /* validate.h in Headers */,
				DE51F12F15C9854E004959FA /* uthash.h in Headers */,
			);
			runOnlyForDeploymentPostprocessing = 0;
		};
/* End PBXHeadersBuildPhase section */

/* Begin PBXNativeTarget section */
		D2AAC0620554660B00DB518D /* ExtractMachO */ = {
			isa = PBXNativeTarget;
			buildConfigurationList = 1DEB914A08733D8E0010E9CD /* Build configuration list for PBXNativeTarget "ExtractMachO" */;
			buildPhases = (
				D2AAC0600554660B00DB518D /* Headers */,
				D2AAC0610554660B00DB518D /* Sources */,
				D289988505E68E00004EDB86 /* Frameworks */,
			);
			buildRules = (
			);
			dependencies = (
			);
			name = ExtractMachO;
			productName = MachOPlugin;
			productReference = D2AAC0630554660B00DB518D /* extractmacho.pmc */;
			productType = "com.apple.product-type.library.dynamic";
		};
/* End PBXNativeTarget section */

/* Begin PBXProject section */
		08FB7793FE84155DC02AAC07 /* Project object */ = {
			isa = PBXProject;
			attributes = {
				LastUpgradeCheck = 0420;
			};
			buildConfigurationList = 1DEB914E08733D8E0010E9CD /* Build configuration list for PBXProject "ExtractMachO" */;
			compatibilityVersion = "Xcode 3.2";
			developmentRegion = English;
			hasScannedForEncodings = 1;
			knownRegions = (
				English,
				Japanese,
				French,
				German,
			);
			mainGroup = 08FB7794FE84155DC02AAC07 /* MachOPlugin */;
			projectDirPath = "";
			projectRoot = "";
			targets = (
				D2AAC0620554660B00DB518D /* ExtractMachO */,
			);
		};
/* End PBXProject section */

/* Begin PBXSourcesBuildPhase section */
		D2AAC0610554660B00DB518D /* Sources */ = {
			isa = PBXSourcesBuildPhase;
			buildActionMask = 2147483647;
			files = (
				DEC1F264145ECE0F009A8407 /* extractmacho.cpp in Sources */,
				DE51F12C15C9358A004959FA /* validate.cpp in Sources */,
			);
			runOnlyForDeploymentPostprocessing = 0;
		};
/* End PBXSourcesBuildPhase section */

/* Begin XCBuildConfiguration section */
		1DEB914B08733D8E0010E9CD /* Debug */ = {
			isa = XCBuildConfiguration;
			buildSettings = {
				ALWAYS_SEARCH_USER_PATHS = NO;
				COPY_PHASE_STRIP = NO;
				EXECUTABLE_EXTENSION = pmc;
				EXECUTABLE_PREFIX = "";
				GCC_DYNAMIC_NO_PIC = NO;
				GCC_MODEL_TUNING = G5;
				GCC_OPTIMIZATION_LEVEL = 0;
				HEADER_SEARCH_PATHS = (
					"/Applications/IDA\\ Pro\\ 6.3/idasdk63/include",
				);
				INSTALL_PATH = /usr/local/lib;
				PRODUCT_NAME = extractmacho;
			};
			name = Debug;
		};
		1DEB914C08733D8E0010E9CD /* Release */ = {
			isa = XCBuildConfiguration;
			buildSettings = {
				ALWAYS_SEARCH_USER_PATHS = NO;
				DEBUG_INFORMATION_FORMAT = "dwarf-with-dsym";
				EXECUTABLE_EXTENSION = pmc;
				EXECUTABLE_PREFIX = "";
				GCC_MODEL_TUNING = G5;
				GCC_PREPROCESSOR_DEFINITIONS = __MAC__;
				HEADER_SEARCH_PATHS = (
					"/Applications/IDA\\ Pro\\ 6.3/idasdk63/include",
				);
				INSTALL_PATH = /usr/local/lib;
				PRODUCT_NAME = extractmacho;
			};
			name = Release;
		};
		1DEB914F08733D8E0010E9CD /* Debug */ = {
			isa = XCBuildConfiguration;
			buildSettings = {
				ARCHS = "$(ARCHS_STANDARD_32_BIT)";
				GCC_C_LANGUAGE_STANDARD = gnu99;
				GCC_OPTIMIZATION_LEVEL = 0;
				GCC_PREPROCESSOR_DEFINITIONS = __MAC__;
				GCC_WARN_ABOUT_RETURN_TYPE = YES;
				GCC_WARN_UNUSED_VARIABLE = YES;
				HEADER_SEARCH_PATHS = (
					"/Applications/IDA\\ Pro\\ 6.3/idasdk63/include",
				);
				LIBRARY_SEARCH_PATHS = (
					"/Applications/IDA\\ Pro\\ 6.3/idaq.app/Contents/MacOS/",
				);
				ONLY_ACTIVE_ARCH = YES;
				OTHER_LDFLAGS = "-lida";
				SDKROOT = macosx;
				VALID_ARCHS = i386;
			};
			name = Debug;
		};
		1DEB915008733D8E0010E9CD /* Release */ = {
			isa = XCBuildConfiguration;
			buildSettings = {
				ARCHS = "$(ARCHS_STANDARD_32_BIT)";
				GCC_C_LANGUAGE_STANDARD = gnu99;
				GCC_PREPROCESSOR_DEFINITIONS = __MAC__;
				GCC_WARN_ABOUT_RETURN_TYPE = YES;
				GCC_WARN_UNUSED_VARIABLE = YES;
				HEADER_SEARCH_PATHS = (
					"/Applications/IDA\\ Pro\\ 6.3/idasdk63/include",
				);
				LIBRARY_SEARCH_PATHS = (
					"/Applications/IDA\\ Pro\\ 6.3/idaq.app/Contents/MacOS/",
				);
				ONLY_ACTIVE_ARCH = YES;
				OTHER_LDFLAGS = "-lida";
				SDKROOT = macosx;
				VALID_ARCHS = i386;
			};
			name = Release;
		};
/* End XCBuildConfiguration section */

/* Begin XCConfigurationList section */
		1DEB914A08733D8E0010E9CD /* Build configuration list for PBXNativeTarget "ExtractMachO" */ = {
			isa = XCConfigurationList;
			buildConfigurations = (
				1DEB914B08733D8E0010E9CD /* Debug */,
				1DEB914C08733D8E0010E9CD /* Release */,
			);
			defaultConfigurationIsVisible = 0;
			defaultConfigurationName = Release;
		};
		1DEB914E08733D8E0010E9CD /* Build configuration list for PBXProject "ExtractMachO" */ = {
			isa = XCConfigurationList;
			buildConfigurations = (
				1DEB914F08733D8E0010E9CD /* Debug */,
				1DEB915008733D8E0010E9CD /* Release */,
			);
			defaultConfigurationIsVisible = 0;
			defaultConfigurationName = Release;
		};
/* End XCConfigurationList section */
	};
	rootObject = 08FB7793FE84155DC02AAC07 /* Project object */;
}
